
Microsoft Visual Studio Solution File, Format Version 12.00
# Visual Studio Version 16
VisualStudioVersion = 16.0.31424.327
MinimumVisualStudioVersion = 10.0.40219.1
Project("{9A19103F-16F7-4668-BE54-9A1E7A4F7556}") = "ElectronicsShop", "ElectronicsShop\ElectronicsShop.csproj", "{BA2B8361-30B5-434F-93F7-C1A76839FBC3}"
EndProject
Project("{9A19103F-16F7-4668-BE54-9A1E7A4F7556}") = "QHeap", "QHeap\QHeap.csproj", "{660C7026-1065-4E01-B3A3-030841263262}"
EndProject
Project("{9A19103F-16F7-4668-BE54-9A1E7A4F7556}") = "InsertListNode", "InsertListNode\InsertListNode.csproj", "{443C9891-B3F6-43E7-9576-41154E5578AD}"
EndProject
Project("{9092AA53-FB77-4645-B42D-1CCCA6BD08BD}") = "NodejsWebApp1", "NodejsWebApp1\NodejsWebApp1.njsproj", "{55674D53-BD91-4655-8875-FC5FAA4D7FCB}"
EndProject
Project("{9A19103F-16F7-4668-BE54-9A1E7A4F7556}") = "Inheritance", "Inheritance\Inheritance.csproj", "{B7484FF5-A22D-4E65-BE4E-B7A4D3F9FB0C}"
EndProject
Project("{9A19103F-16F7-4668-BE54-9A1E7A4F7556}") = "SystemTextJson", "JsonRequestS3\SystemTextJson.csproj", "{96E583C3-72EA-4697-9D5E-2B02E094F1B6}"
EndProject
Project("{9A19103F-16F7-4668-BE54-9A1E7A4F7556}") = "DataStructure", "DataStructure\DataStructure.csproj", "{4AA7D14B-91E4-4A59-B5B4-A6A3147006EE}"
EndProject
Project("{9A19103F-16F7-4668-BE54-9A1E7A4F7556}") = "Algorithm", "Algorithm\Algorithm.csproj", "{C3D30E21-7F6F-435F-A2D2-66380C763283}"
EndProject
Project("{9A19103F-16F7-4668-BE54-9A1E7A4F7556}") = "Net6Feature", "Net6Feature\Net6Feature.csproj", "{44316866-F128-484B-99A9-49823E71FF09}"
EndProject
Project("{9A19103F-16F7-4668-BE54-9A1E7A4F7556}") = "QueenAttack", "QueenAttack\QueenAttack.csproj", "{EC241242-EA26-445C-9E5D-AD6A77848C7E}"
EndProject
Project("{2150E333-8FDC-42A3-9474-1A3956D46DE8}") = "DotnetFeature", "DotnetFeature", "{8A622569-5436-46E2-BE6E-C26293A11CA7}"
EndProject
Project("{9A19103F-16F7-4668-BE54-9A1E7A4F7556}") = "ManualResetEvent", "ManualResetEvent\ManualResetEvent.csproj", "{5733327F-6F5C-4A86-9DCE-B96A0947C59A}"
EndProject
Project("{9A19103F-16F7-4668-BE54-9A1E7A4F7556}") = "AsyncLocalFeature", "AsyncLocalFeature\AsyncLocalFeature.csproj", "{1AEF511E-D286-40D0-BE2F-45DE0C4D4CE4}"
EndProject
Project("{9A19103F-16F7-4668-BE54-9A1E7A4F7556}") = "StaticAsyncLocalvsStaticThread", "StaticAsyncLocalvsStaticThread\StaticAsyncLocalvsStaticThread.csproj", "{E1E48A32-D5F1-4B3E-A737-34455B04A657}"
EndProject
Project("{FAE04EC0-301F-11D3-BF4B-00C04F79EFBC}") = "DateTime", "DateTime\DateTime.csproj", "{93D5D302-DCE0-4893-9B0B-C37DB6B9DF3A}"
EndProject
Global
	GlobalSection(SolutionConfigurationPlatforms) = preSolution
		Debug|Any CPU = Debug|Any CPU
		Release|Any CPU = Release|Any CPU
	EndGlobalSection
	GlobalSection(ProjectConfigurationPlatforms) = postSolution
		{BA2B8361-30B5-434F-93F7-C1A76839FBC3}.Debug|Any CPU.ActiveCfg = Debug|Any CPU
		{BA2B8361-30B5-434F-93F7-C1A76839FBC3}.Debug|Any CPU.Build.0 = Debug|Any CPU
		{BA2B8361-30B5-434F-93F7-C1A76839FBC3}.Release|Any CPU.ActiveCfg = Release|Any CPU
		{BA2B8361-30B5-434F-93F7-C1A76839FBC3}.Release|Any CPU.Build.0 = Release|Any CPU
		{660C7026-1065-4E01-B3A3-030841263262}.Debug|Any CPU.ActiveCfg = Debug|Any CPU
		{660C7026-1065-4E01-B3A3-030841263262}.Debug|Any CPU.Build.0 = Debug|Any CPU
		{660C7026-1065-4E01-B3A3-030841263262}.Release|Any CPU.ActiveCfg = Release|Any CPU
		{660C7026-1065-4E01-B3A3-030841263262}.Release|Any CPU.Build.0 = Release|Any CPU
		{443C9891-B3F6-43E7-9576-41154E5578AD}.Debug|Any CPU.ActiveCfg = Debug|Any CPU
		{443C9891-B3F6-43E7-9576-41154E5578AD}.Debug|Any CPU.Build.0 = Debug|Any CPU
		{443C9891-B3F6-43E7-9576-41154E5578AD}.Release|Any CPU.ActiveCfg = Release|Any CPU
		{443C9891-B3F6-43E7-9576-41154E5578AD}.Release|Any CPU.Build.0 = Release|Any CPU
		{55674D53-BD91-4655-8875-FC5FAA4D7FCB}.Debug|Any CPU.ActiveCfg = Debug|Any CPU
		{55674D53-BD91-4655-8875-FC5FAA4D7FCB}.Debug|Any CPU.Build.0 = Debug|Any CPU
		{55674D53-BD91-4655-8875-FC5FAA4D7FCB}.Release|Any CPU.ActiveCfg = Release|Any CPU
		{55674D53-BD91-4655-8875-FC5FAA4D7FCB}.Release|Any CPU.Build.0 = Release|Any CPU
		{B7484FF5-A22D-4E65-BE4E-B7A4D3F9FB0C}.Debug|Any CPU.ActiveCfg = Debug|Any CPU
		{B7484FF5-A22D-4E65-BE4E-B7A4D3F9FB0C}.Debug|Any CPU.Build.0 = Debug|Any CPU
		{B7484FF5-A22D-4E65-BE4E-B7A4D3F9FB0C}.Release|Any CPU.ActiveCfg = Release|Any CPU
		{B7484FF5-A22D-4E65-BE4E-B7A4D3F9FB0C}.Release|Any CPU.Build.0 = Release|Any CPU
		{96E583C3-72EA-4697-9D5E-2B02E094F1B6}.Debug|Any CPU.ActiveCfg = Debug|Any CPU
		{96E583C3-72EA-4697-9D5E-2B02E094F1B6}.Debug|Any CPU.Build.0 = Debug|Any CPU
		{96E583C3-72EA-4697-9D5E-2B02E094F1B6}.Release|Any CPU.ActiveCfg = Release|Any CPU
		{96E583C3-72EA-4697-9D5E-2B02E094F1B6}.Release|Any CPU.Build.0 = Release|Any CPU
		{4AA7D14B-91E4-4A59-B5B4-A6A3147006EE}.Debug|Any CPU.ActiveCfg = Debug|Any CPU
		{4AA7D14B-91E4-4A59-B5B4-A6A3147006EE}.Debug|Any CPU.Build.0 = Debug|Any CPU
		{4AA7D14B-91E4-4A59-B5B4-A6A3147006EE}.Release|Any CPU.ActiveCfg = Release|Any CPU
		{4AA7D14B-91E4-4A59-B5B4-A6A3147006EE}.Release|Any CPU.Build.0 = Release|Any CPU
		{C3D30E21-7F6F-435F-A2D2-66380C763283}.Debug|Any CPU.ActiveCfg = Debug|Any CPU
		{C3D30E21-7F6F-435F-A2D2-66380C763283}.Debug|Any CPU.Build.0 = Debug|Any CPU
		{C3D30E21-7F6F-435F-A2D2-66380C763283}.Release|Any CPU.ActiveCfg = Release|Any CPU
		{C3D30E21-7F6F-435F-A2D2-66380C763283}.Release|Any CPU.Build.0 = Release|Any CPU
		{44316866-F128-484B-99A9-49823E71FF09}.Debug|Any CPU.ActiveCfg = Debug|Any CPU
		{44316866-F128-484B-99A9-49823E71FF09}.Debug|Any CPU.Build.0 = Debug|Any CPU
		{44316866-F128-484B-99A9-49823E71FF09}.Release|Any CPU.ActiveCfg = Release|Any CPU
		{44316866-F128-484B-99A9-49823E71FF09}.Release|Any CPU.Build.0 = Release|Any CPU
		{EC241242-EA26-445C-9E5D-AD6A77848C7E}.Debug|Any CPU.ActiveCfg = Debug|Any CPU
		{EC241242-EA26-445C-9E5D-AD6A77848C7E}.Debug|Any CPU.Build.0 = Debug|Any CPU
		{EC241242-EA26-445C-9E5D-AD6A77848C7E}.Release|Any CPU.ActiveCfg = Release|Any CPU
		{EC241242-EA26-445C-9E5D-AD6A77848C7E}.Release|Any CPU.Build.0 = Release|Any CPU
		{5733327F-6F5C-4A86-9DCE-B96A0947C59A}.Debug|Any CPU.ActiveCfg = Debug|Any CPU
		{5733327F-6F5C-4A86-9DCE-B96A0947C59A}.Debug|Any CPU.Build.0 = Debug|Any CPU
		{5733327F-6F5C-4A86-9DCE-B96A0947C59A}.Release|Any CPU.ActiveCfg = Release|Any CPU
		{5733327F-6F5C-4A86-9DCE-B96A0947C59A}.Release|Any CPU.Build.0 = Release|Any CPU
		{1AEF511E-D286-40D0-BE2F-45DE0C4D4CE4}.Debug|Any CPU.ActiveCfg = Debug|Any CPU
		{1AEF511E-D286-40D0-BE2F-45DE0C4D4CE4}.Debug|Any CPU.Build.0 = Debug|Any CPU
		{1AEF511E-D286-40D0-BE2F-45DE0C4D4CE4}.Release|Any CPU.ActiveCfg = Release|Any CPU
		{1AEF511E-D286-40D0-BE2F-45DE0C4D4CE4}.Release|Any CPU.Build.0 = Release|Any CPU
		{E1E48A32-D5F1-4B3E-A737-34455B04A657}.Debug|Any CPU.ActiveCfg = Debug|Any CPU
		{E1E48A32-D5F1-4B3E-A737-34455B04A657}.Debug|Any CPU.Build.0 = Debug|Any CPU
		{E1E48A32-D5F1-4B3E-A737-34455B04A657}.Release|Any CPU.ActiveCfg = Release|Any CPU
		{E1E48A32-D5F1-4B3E-A737-34455B04A657}.Release|Any CPU.Build.0 = Release|Any CPU
		{93D5D302-DCE0-4893-9B0B-C37DB6B9DF3A}.Debug|Any CPU.ActiveCfg = Debug|Any CPU
		{93D5D302-DCE0-4893-9B0B-C37DB6B9DF3A}.Debug|Any CPU.Build.0 = Debug|Any CPU
		{93D5D302-DCE0-4893-9B0B-C37DB6B9DF3A}.Release|Any CPU.ActiveCfg = Release|Any CPU
		{93D5D302-DCE0-4893-9B0B-C37DB6B9DF3A}.Release|Any CPU.Build.0 = Release|Any CPU
	EndGlobalSection
	GlobalSection(SolutionProperties) = preSolution
		HideSolutionNode = FALSE
	EndGlobalSection
	GlobalSection(NestedProjects) = preSolution
		{5733327F-6F5C-4A86-9DCE-B96A0947C59A} = {8A622569-5436-46E2-BE6E-C26293A11CA7}
		{1AEF511E-D286-40D0-BE2F-45DE0C4D4CE4} = {8A622569-5436-46E2-BE6E-C26293A11CA7}
		{E1E48A32-D5F1-4B3E-A737-34455B04A657} = {8A622569-5436-46E2-BE6E-C26293A11CA7}
	EndGlobalSection
	GlobalSection(ExtensibilityGlobals) = postSolution
		SolutionGuid = {66164A77-273F-4F78-9AB5-8EEDD2E99C23}
	EndGlobalSection
EndGlobal
